
Microsoft Visual Studio Solution File, Format Version 12.00
# Visual Studio 15
VisualStudioVersion = 15.0.27130.2024
MinimumVisualStudioVersion = 10.0.40219.1
Project("{FAE04EC0-301F-11D3-BF4B-00C04F79EFBC}") = "20180121 coline sistema dvi lazdeles Uzd_nr_13", "20180121 coline sistema dvi lazdeles Uzd_nr_13\20180121 coline sistema dvi lazdeles Uzd_nr_13.csproj", "{57C9623D-4FC8-4294-A858-799D46E48D5B}"
EndProject
Global
	GlobalSection(SolutionConfigurationPlatforms) = preSolution
		Debug|Any CPU = Debug|Any CPU
		Release|Any CPU = Release|Any CPU
	EndGlobalSection
	GlobalSection(ProjectConfigurationPlatforms) = postSolution
		{57C9623D-4FC8-4294-A858-799D46E48D5B}.Debug|Any CPU.ActiveCfg = Debug|Any CPU
		{57C9623D-4FC8-4294-A858-799D46E48D5B}.Debug|Any CPU.Build.0 = Debug|Any CPU
		{57C9623D-4FC8-4294-A858-799D46E48D5B}.Release|Any CPU.ActiveCfg = Release|Any CPU
		{57C9623D-4FC8-4294-A858-799D46E48D5B}.Release|Any CPU.Build.0 = Release|Any CPU
	EndGlobalSection
	GlobalSection(SolutionProperties) = preSolution
		HideSolutionNode = FALSE
	EndGlobalSection
	GlobalSection(ExtensibilityGlobals) = postSolution
		SolutionGuid = {8BD6F0E9-536F-4B66-A2CA-30EC710F1E84}
	EndGlobalSection
EndGlobal
