
Microsoft Visual Studio Solution File, Format Version 12.00
# Visual Studio 15
VisualStudioVersion = 15.0.27130.2024
MinimumVisualStudioVersion = 10.0.40219.1
Project("{FAE04EC0-301F-11D3-BF4B-00C04F79EFBC}") = "20180121 kiek vid keleiviu vaziuo i vln Uzd_nr_6", "20180121 kiek vid keleiviu vaziuo i vln Uzd_nr_6\20180121 kiek vid keleiviu vaziuo i vln Uzd_nr_6.csproj", "{36BEE12E-51CD-48FA-A295-634979132B62}"
EndProject
Global
	GlobalSection(SolutionConfigurationPlatforms) = preSolution
		Debug|Any CPU = Debug|Any CPU
		Release|Any CPU = Release|Any CPU
	EndGlobalSection
	GlobalSection(ProjectConfigurationPlatforms) = postSolution
		{36BEE12E-51CD-48FA-A295-634979132B62}.Debug|Any CPU.ActiveCfg = Debug|Any CPU
		{36BEE12E-51CD-48FA-A295-634979132B62}.Debug|Any CPU.Build.0 = Debug|Any CPU
		{36BEE12E-51CD-48FA-A295-634979132B62}.Release|Any CPU.ActiveCfg = Release|Any CPU
		{36BEE12E-51CD-48FA-A295-634979132B62}.Release|Any CPU.Build.0 = Release|Any CPU
	EndGlobalSection
	GlobalSection(SolutionProperties) = preSolution
		HideSolutionNode = FALSE
	EndGlobalSection
	GlobalSection(ExtensibilityGlobals) = postSolution
		SolutionGuid = {80C9F856-5D50-4773-908C-3F224E3F4564}
	EndGlobalSection
EndGlobal
