
Microsoft Visual Studio Solution File, Format Version 12.00
# Visual Studio 15
VisualStudioVersion = 15.0.27130.2024
MinimumVisualStudioVersion = 10.0.40219.1
Project("{FAE04EC0-301F-11D3-BF4B-00C04F79EFBC}") = "20180119 skrituliu ploto apskaiciavimas uzd_nr_8", "20180119 skrituliu ploto apskaiciavimas uzd_nr_8\20180119 skrituliu ploto apskaiciavimas uzd_nr_8.csproj", "{D5B77A14-5373-4631-88FE-F5A41D8CB6B3}"
EndProject
Global
	GlobalSection(SolutionConfigurationPlatforms) = preSolution
		Debug|Any CPU = Debug|Any CPU
		Release|Any CPU = Release|Any CPU
	EndGlobalSection
	GlobalSection(ProjectConfigurationPlatforms) = postSolution
		{D5B77A14-5373-4631-88FE-F5A41D8CB6B3}.Debug|Any CPU.ActiveCfg = Debug|Any CPU
		{D5B77A14-5373-4631-88FE-F5A41D8CB6B3}.Debug|Any CPU.Build.0 = Debug|Any CPU
		{D5B77A14-5373-4631-88FE-F5A41D8CB6B3}.Release|Any CPU.ActiveCfg = Release|Any CPU
		{D5B77A14-5373-4631-88FE-F5A41D8CB6B3}.Release|Any CPU.Build.0 = Release|Any CPU
	EndGlobalSection
	GlobalSection(SolutionProperties) = preSolution
		HideSolutionNode = FALSE
	EndGlobalSection
	GlobalSection(ExtensibilityGlobals) = postSolution
		SolutionGuid = {AB94096F-5BA9-4434-B08E-F363A4A05666}
	EndGlobalSection
EndGlobal
