
Microsoft Visual Studio Solution File, Format Version 12.00
# Visual Studio 15
VisualStudioVersion = 15.0.27130.2026
MinimumVisualStudioVersion = 10.0.40219.1
Project("{FAE04EC0-301F-11D3-BF4B-00C04F79EFBC}") = "20180129 saknis is skaiciu", "20180129 saknis is skaiciu\20180129 saknis is skaiciu.csproj", "{A498B573-2644-4196-A97B-4D93C76CB781}"
EndProject
Global
	GlobalSection(SolutionConfigurationPlatforms) = preSolution
		Debug|Any CPU = Debug|Any CPU
		Release|Any CPU = Release|Any CPU
	EndGlobalSection
	GlobalSection(ProjectConfigurationPlatforms) = postSolution
		{A498B573-2644-4196-A97B-4D93C76CB781}.Debug|Any CPU.ActiveCfg = Debug|Any CPU
		{A498B573-2644-4196-A97B-4D93C76CB781}.Debug|Any CPU.Build.0 = Debug|Any CPU
		{A498B573-2644-4196-A97B-4D93C76CB781}.Release|Any CPU.ActiveCfg = Release|Any CPU
		{A498B573-2644-4196-A97B-4D93C76CB781}.Release|Any CPU.Build.0 = Release|Any CPU
	EndGlobalSection
	GlobalSection(SolutionProperties) = preSolution
		HideSolutionNode = FALSE
	EndGlobalSection
	GlobalSection(ExtensibilityGlobals) = postSolution
		SolutionGuid = {FE6E22C0-016F-4569-BC12-93F7C57EA966}
	EndGlobalSection
EndGlobal
