
Microsoft Visual Studio Solution File, Format Version 12.00
# Visual Studio 15
VisualStudioVersion = 15.0.27130.2024
MinimumVisualStudioVersion = 10.0.40219.1
Project("{FAE04EC0-301F-11D3-BF4B-00C04F79EFBC}") = "20180123 matematikas ir milionier Uzd_nr_35", "20180123 matematikas ir milionier Uzd_nr_35\20180123 matematikas ir milionier Uzd_nr_35.csproj", "{5C963972-DAC6-4718-90AE-7EBE006D0C5F}"
EndProject
Global
	GlobalSection(SolutionConfigurationPlatforms) = preSolution
		Debug|Any CPU = Debug|Any CPU
		Release|Any CPU = Release|Any CPU
	EndGlobalSection
	GlobalSection(ProjectConfigurationPlatforms) = postSolution
		{5C963972-DAC6-4718-90AE-7EBE006D0C5F}.Debug|Any CPU.ActiveCfg = Debug|Any CPU
		{5C963972-DAC6-4718-90AE-7EBE006D0C5F}.Debug|Any CPU.Build.0 = Debug|Any CPU
		{5C963972-DAC6-4718-90AE-7EBE006D0C5F}.Release|Any CPU.ActiveCfg = Release|Any CPU
		{5C963972-DAC6-4718-90AE-7EBE006D0C5F}.Release|Any CPU.Build.0 = Release|Any CPU
	EndGlobalSection
	GlobalSection(SolutionProperties) = preSolution
		HideSolutionNode = FALSE
	EndGlobalSection
	GlobalSection(ExtensibilityGlobals) = postSolution
		SolutionGuid = {5715777A-3094-4FD9-8BA3-3774C7030E58}
	EndGlobalSection
EndGlobal
