
Microsoft Visual Studio Solution File, Format Version 12.00
# Visual Studio 15
VisualStudioVersion = 15.0.27130.2024
MinimumVisualStudioVersion = 10.0.40219.1
Project("{FAE04EC0-301F-11D3-BF4B-00C04F79EFBC}") = "20180122 paros laikas h min s Uzd_nr_16", "20180122 paros laikas h min s Uzd_nr_16\20180122 paros laikas h min s Uzd_nr_16.csproj", "{8D5CA6C2-4B16-4AB3-8D59-01B065D68665}"
EndProject
Global
	GlobalSection(SolutionConfigurationPlatforms) = preSolution
		Debug|Any CPU = Debug|Any CPU
		Release|Any CPU = Release|Any CPU
	EndGlobalSection
	GlobalSection(ProjectConfigurationPlatforms) = postSolution
		{8D5CA6C2-4B16-4AB3-8D59-01B065D68665}.Debug|Any CPU.ActiveCfg = Debug|Any CPU
		{8D5CA6C2-4B16-4AB3-8D59-01B065D68665}.Debug|Any CPU.Build.0 = Debug|Any CPU
		{8D5CA6C2-4B16-4AB3-8D59-01B065D68665}.Release|Any CPU.ActiveCfg = Release|Any CPU
		{8D5CA6C2-4B16-4AB3-8D59-01B065D68665}.Release|Any CPU.Build.0 = Release|Any CPU
	EndGlobalSection
	GlobalSection(SolutionProperties) = preSolution
		HideSolutionNode = FALSE
	EndGlobalSection
	GlobalSection(ExtensibilityGlobals) = postSolution
		SolutionGuid = {C0BC9E1E-1234-449A-8499-712F2C18B106}
	EndGlobalSection
EndGlobal
