
Microsoft Visual Studio Solution File, Format Version 12.00
# Visual Studio 15
VisualStudioVersion = 15.0.27130.2024
MinimumVisualStudioVersion = 10.0.40219.1
Project("{FAE04EC0-301F-11D3-BF4B-00C04F79EFBC}") = "20180121 katinas lenda i kvadrata Uzd_nr_10", "20180121 katinas lenda i kvadrata Uzd_nr_10\20180121 katinas lenda i kvadrata Uzd_nr_10.csproj", "{4A88236A-1EEB-4DC9-9D3B-9114C8E5D24E}"
EndProject
Global
	GlobalSection(SolutionConfigurationPlatforms) = preSolution
		Debug|Any CPU = Debug|Any CPU
		Release|Any CPU = Release|Any CPU
	EndGlobalSection
	GlobalSection(ProjectConfigurationPlatforms) = postSolution
		{4A88236A-1EEB-4DC9-9D3B-9114C8E5D24E}.Debug|Any CPU.ActiveCfg = Debug|Any CPU
		{4A88236A-1EEB-4DC9-9D3B-9114C8E5D24E}.Debug|Any CPU.Build.0 = Debug|Any CPU
		{4A88236A-1EEB-4DC9-9D3B-9114C8E5D24E}.Release|Any CPU.ActiveCfg = Release|Any CPU
		{4A88236A-1EEB-4DC9-9D3B-9114C8E5D24E}.Release|Any CPU.Build.0 = Release|Any CPU
	EndGlobalSection
	GlobalSection(SolutionProperties) = preSolution
		HideSolutionNode = FALSE
	EndGlobalSection
	GlobalSection(ExtensibilityGlobals) = postSolution
		SolutionGuid = {E14C4F86-2668-4E0E-92FC-1818277829D0}
	EndGlobalSection
EndGlobal
